
Microsoft Visual Studio Solution File, Format Version 12.00
# Visual Studio Version 17
VisualStudioVersion = 17.9.34723.18
MinimumVisualStudioVersion = 10.0.40219.1
Project("{FAE04EC0-301F-11D3-BF4B-00C04F79EFBC}") = "alientagmod", "alientagmod\alientagmod.csproj", "{2214AC56-799E-4D43-91CF-C6E2B5AD8283}"
EndProject
Global
	GlobalSection(SolutionConfigurationPlatforms) = preSolution
		Debug|Any CPU = Debug|Any CPU
		Release|Any CPU = Release|Any CPU
	EndGlobalSection
	GlobalSection(ProjectConfigurationPlatforms) = postSolution
		{2214AC56-799E-4D43-91CF-C6E2B5AD8283}.Debug|Any CPU.ActiveCfg = Debug|Any CPU
		{2214AC56-799E-4D43-91CF-C6E2B5AD8283}.Debug|Any CPU.Build.0 = Debug|Any CPU
		{2214AC56-799E-4D43-91CF-C6E2B5AD8283}.Release|Any CPU.ActiveCfg = Release|Any CPU
		{2214AC56-799E-4D43-91CF-C6E2B5AD8283}.Release|Any CPU.Build.0 = Release|Any CPU
	EndGlobalSection
	GlobalSection(SolutionProperties) = preSolution
		HideSolutionNode = FALSE
	EndGlobalSection
	GlobalSection(ExtensibilityGlobals) = postSolution
		SolutionGuid = {DC9D5AB1-A4E9-48F0-8722-76901AFA323E}
	EndGlobalSection
EndGlobal
